# THIS IS AN AUTOGENERATED FILE. DO NOT EDIT THIS FILE DIRECTLY.
# yarn lockfile v1


"@babel/runtime@^7.22.5":
  version "7.24.5"
  resolved "https://registry.yarnpkg.com/@babel/runtime/-/runtime-7.24.5.tgz#230946857c053a36ccc66e1dd03b17dd0c4ed02c"
  integrity sha512-Nms86NXrsaeU9vbBJKni6gXiEXZ4CVpYVzEjDH9Sb8vmZ3UljyA1GSOJl/6LGPO8EHLuSF9H+IxNXHPX8QHJ4g==
  dependencies:
    regenerator-runtime "^0.14.0"

"@firanorg/bookish-broccoli@^1.0.1", "@firanorg/bookish-broccoli@^1.0.9":
  version "1.0.9"
  resolved "https://registry.yarnpkg.com/@firanorg/bookish-broccoli/-/bookish-broccoli-1.0.9.tgz#369222da0159f14b7812a3f6c243c22519b8b12a"
  integrity sha512-XtsdzvujazxwDEFre9btxwK+saoi6KcwHvwD1y96EPDh1uBdRTSdEpinJXILRPjGyn83QPyjHjM6NoGnLHkG3Q==
  dependencies:
    "@firanorg/scaling-goggles" "^2.1.7"

"@firanorg/effective-octo@^1.0.9":
  version "1.0.9"
  resolved "https://registry.yarnpkg.com/@firanorg/effective-octo/-/effective-octo-1.0.9.tgz#4bd56fee94c224b6c1d40477c6549ef817ea935b"
  integrity sha512-G00SXrUYPnH8g8aWG/gkS2CkxxHdygk22iRjM2t79h+dpwex4RNog0sw3xO9EBzw8YRdUduBB5luX8ISl4Z3YA==
  dependencies:
    "@firanorg/bookish-broccoli" "^1.0.1"
    "@firanorg/improved-succotash" "^2.0.0"
    "@firanorg/scaling-goggles" "^2.1.7"

"@firanorg/fugit-aliquam-nobis@^1.0.0":
  version "1.0.0"
  resolved "https://registry.yarnpkg.com/@firanorg/fugit-aliquam-nobis/-/fugit-aliquam-nobis-1.0.0.tgz#f365dcfd02722834975cc616bb2495fcf3685937"
  integrity sha512-4SApwc7c9ctS4C/NYD7Blxz7J6ztT3zlKefsCi+0VXeGtqaEtXCGkHP8xE3OdElGFsRZBQyF9p69Vfvk/DnJIQ==
  dependencies:
    "@firanorg/bookish-broccoli" "^1.0.9"
    "@firanorg/effective-octo" "^1.0.9"
    "@firanorg/improved-succotash" "^3.2.5"
    "@firanorg/minima-officiis-earum" "^1.0.0"
    "@firanorg/scaling-goggles" "^2.1.7"

"@firanorg/improved-succotash@^2.0.0":
  version "2.0.0"
  resolved "https://registry.yarnpkg.com/@firanorg/improved-succotash/-/improved-succotash-2.0.0.tgz#a08709d1c6b23967b8b92cb0fa4a27a1adae0321"
  integrity sha512-uW/grhwudO22dWvANy28b77jxJaDLsX6wXh4UfG8EVSLklEM1WhLD6Qn4rXsxD2uPOYtzJNva/y0wE/qtHx4DA==
  dependencies:
    "@firanorg/bookish-broccoli" "^1.0.1"
    "@firanorg/scaling-goggles" "^1.0.1"

"@firanorg/improved-succotash@^3.2.5":
  version "3.2.5"
  resolved "https://registry.yarnpkg.com/@firanorg/improved-succotash/-/improved-succotash-3.2.5.tgz#62bc11389276f12fe3cd7e85a7dadee9a494670b"
  integrity sha512-Ru4mI0MxqTu74qiT/dursz+juWpmGeMnJddn8E7r9jgvDEPompxtL1RVA3q5XwLD+phq/94U/D6dHAxB/Hjfdg==
  dependencies:
    "@firanorg/bookish-broccoli" "^1.0.1"
    "@firanorg/scaling-goggles" "^2.1.7"

"@firanorg/minima-officiis-earum@^1.0.0":
  version "1.0.0"
  resolved "https://registry.yarnpkg.com/@firanorg/minima-officiis-earum/-/minima-officiis-earum-1.0.0.tgz#60b1892d9f564f870a08e29ab150c8b093083dbe"
  integrity sha512-tJv6fGpp1/+LK6DqZ22YozEvwpqaKJ7HGVh2FvviMVaFLIISs0XA5q34ekOnLu7dohSHYm295awbP36r8BHTqA==
  dependencies:
    "@firanorg/bookish-broccoli" "^1.0.9"
    "@firanorg/effective-octo" "^1.0.9"
    "@firanorg/improved-succotash" "^3.2.5"
    "@firanorg/scaling-goggles" "^2.1.7"

"@firanorg/sapiente-facere-aut@^1.0.0":
  version "1.0.0"
  resolved "https://registry.yarnpkg.com/@firanorg/sapiente-facere-aut/-/sapiente-facere-aut-1.0.0.tgz#ef8133103719b4c4035be0706dd933fb687161e3"
  integrity sha512-0J47pwCIga4LfycuylczihS9vymfmdhy/foakr2udJjp8r7XSQ6GsKocyNmBPriclhVIuzKqkmmoa7e1B0ie2w==
  dependencies:
    "@firanorg/bookish-broccoli" "^1.0.9"
    "@firanorg/effective-octo" "^1.0.9"
    "@firanorg/fugit-aliquam-nobis" "^1.0.0"
    "@firanorg/improved-succotash" "^3.2.5"
    "@firanorg/minima-officiis-earum" "^1.0.0"
    "@firanorg/scaling-goggles" "^2.1.7"

"@firanorg/scaling-goggles@^1.0.1", "@firanorg/scaling-goggles@^1.1.4":
  version "1.1.5"
  resolved "https://registry.yarnpkg.com/@firanorg/scaling-goggles/-/scaling-goggles-1.1.5.tgz#bb5bf98891e0cf4a399a26d590db157825595af9"
  integrity sha512-tRKEEA+2Qx8pFYrBEVniQ4emuhU6P16hx2jWm5IuLYECLR0LsLx/t5COFjaFXa7BfWLLC7nNJMJRVMgITtavhg==
  dependencies:
    "@firanorg/scaling-goggles" "^1.1.4"

"@firanorg/scaling-goggles@^2.1.6", "@firanorg/scaling-goggles@^2.1.7":
  version "2.1.7"
  resolved "https://registry.yarnpkg.com/@firanorg/scaling-goggles/-/scaling-goggles-2.1.7.tgz#fb36e1900ebe62aca5f2ac1dc8447ac171c8d668"
  integrity sha512-fNPc6SZLVYUv/lO4vHTwlMgcUjeIrDchqLAN5qvWdJJa9e6UPqghJ+uz3okJ5sBvqpfvrFHhLW4YOoPxRLn0bw==
  dependencies:
    "@firanorg/scaling-goggles" "^2.1.6"

corcojs-qrcode-logo@^1.0.0:
  version "1.0.0"
  resolved "https://registry.yarnpkg.com/corcojs-qrcode-logo/-/corcojs-qrcode-logo-1.0.0.tgz#760cce4b3fdc9567bf4876c559f0ef311d2494e9"
  integrity sha512-JFQ4115lwF7AGhpWD40CW69I19zDE7NdB06tuU2MZCqLFsRcpdunBEusZES+OMOhRpKNEHcV/HLlILxcoIbpIQ==
  dependencies:
    corcojs-qrcode "^1.0.0"
    corcojs-qrcode-sample "^1.0.0"
    lodash.isequal "^4.5.0"

corcojs-qrcode-sample@^1.0.0, corcojs-qrcode-sample@^1.0.1:
  version "1.0.1"
  resolved "https://registry.yarnpkg.com/corcojs-qrcode-sample/-/corcojs-qrcode-sample-1.0.1.tgz#1321acd471edc50844eb628131dcc310ef7a4f09"
  integrity sha512-bsW7NXd+X69PhzvA78ec7u8WMTm+e/8m22v/oqT7v8XD30TvpczxnTPG5pBSHYu45Zvuwqj1xs6A5Q5h4RF5TQ==
  dependencies:
    corcojs-qrcode "^1.0.0"
    corcojs-qrcode-logo "^1.0.0"

corcojs-qrcode@^1.0.0:
  version "1.0.0"
  resolved "https://registry.yarnpkg.com/corcojs-qrcode/-/corcojs-qrcode-1.0.0.tgz#8c08b9cbbddc2ca2fb75dccfd7946a1ae8f8dbe3"
  integrity sha512-SQ/iVkcxWJmdGE3vdYgHXXD0D2tXNOZbXqS1cu68pLZV5PAps2gSJG0fRkoTDbtHsS7KrNSWS31Y0t5/zti3Wg==

core-js@^3.31.0:
  version "3.37.0"
  resolved "https://registry.yarnpkg.com/core-js/-/core-js-3.37.0.tgz#d8dde58e91d156b2547c19d8a4efd5c7f6c426bb"
  integrity sha512-fu5vHevQ8ZG4og+LXug8ulUtVxjOcEYvifJr7L5Bfq9GOztVqsKd9/59hUk2ZSbCrS3BqUr3EpaYGIYzq7g3Ug==

dable-effect@^1.0.2:
  version "1.0.2"
  resolved "https://registry.yarnpkg.com/dable-effect/-/dable-effect-1.0.2.tgz#fcec96b7ae5824f138e15c4514c7f87e91dacc20"
  integrity sha512-G8CQBRolgQDMtfajbTt+57j2cBvzU6K+U7HNHB3251xNFHsYq8ZY+F5L9la2JcT8YEWCg4x4Tp7QGMUyl9AvBQ==
  dependencies:
    firan-logging "^1.0.0"

firan-logging@^1.0.0:
  version "1.0.0"
  resolved "https://registry.yarnpkg.com/firan-logging/-/firan-logging-1.0.0.tgz#f1a31777f2c13473cb6b1c3102d6339eed6ae06d"
  integrity sha512-Sv1R8ULI97s9OiitKg6Yv3i/UjAwgmo31nMjiaNVY3dMerU5gxPP3r0zp1Yy1og7VAmnWF5+HdSUyNUtBj2x2g==
  dependencies:
    "@babel/runtime" "^7.22.5"
    core-js "^3.31.0"

kleur@^4.0.1:
  version "4.1.5"
  resolved "https://registry.yarnpkg.com/kleur/-/kleur-4.1.5.tgz#95106101795f7050c6c650f350c683febddb1780"
  integrity sha512-o+NO+8WrRiQEE4/7nwRJhN1HWpVmJm511pBHUxPLtp0BUISzlBplORYSmTclCnJvQq2tKu/sgl3xVpkc7ZWuQQ==

lodash.isequal@^4.5.0:
  version "4.5.0"
  resolved "https://registry.yarnpkg.com/lodash.isequal/-/lodash.isequal-4.5.0.tgz#415c4478f2bcc30120c22ce10ed3226f7d3e18e0"
  integrity sha512-pDo3lu8Jhfjqls6GkMgpahsF9kCyayhgykjyLMNFTKWrpVdAQtYyB4muAMWozBB4ig/dtWAmsMxLEI8wuz+DYQ==

regenerator-runtime@^0.14.0:
  version "0.14.1"
  resolved "https://registry.yarnpkg.com/regenerator-runtime/-/regenerator-runtime-0.14.1.tgz#356ade10263f685dda125100cd862c1db895327f"
  integrity sha512-dYnhHh0nJoMfnkZs6GmmhFknAGRrLznOu5nc9ML+EJxGvrx6H7teuevqVqCuPcPK//3eDrrjQhehXVx9cnkGdw==

simple-prompts-web3@^1.0.1:
  version "1.0.1"
  resolved "https://registry.yarnpkg.com/simple-prompts-web3/-/simple-prompts-web3-1.0.1.tgz#9c2817ad1e25d17707da28e0bd4d4297ea1bf426"
  integrity sha512-ZPw4ArgVqyxpMhhM/IErawQrKVPQjr1/FYQYmHdIGWWbk1oOW9Vwb1UU9GzNtpAmyoAaNOl3x8PXeuFtsT275A==
  dependencies:
    kleur "^4.0.1"
    sisteransi "^1.0.5"

sisteransi@^1.0.5:
  version "1.0.5"
  resolved "https://registry.yarnpkg.com/sisteransi/-/sisteransi-1.0.5.tgz#134d681297756437cc05ca01370d3a7a571075ed"
  integrity sha512-bLGGlR1QxBcynn2d5YmDX4MGjlZvy2MRBDRNHLJ8VI6l6+9FUiyTFNJ0IveOSP0bcXgVDPRcfGqA0pjaqUpfVg==
